
Microsoft Visual Studio Solution File, Format Version 12.00
# Visual Studio Version 17
VisualStudioVersion = 17.9.34622.214
MinimumVisualStudioVersion = 10.0.40219.1
Project("{8BC9CEB8-8B4A-11D0-8D11-00A0C91BC942}") = "Project1", "Project1\Project1.vcxproj", "{3FF68AB2-5178-45E8-ACAD-7BF88DF563E1}"
EndProject
Project("{8BC9CEB8-8B4A-11D0-8D11-00A0C91BC942}") = "Project7", "Project7\Project7.vcxproj", "{F3185CD6-6598-47C6-A087-EA40AE4BF6B0}"
EndProject
Project("{8BC9CEB8-8B4A-11D0-8D11-00A0C91BC942}") = "Project8", "Project8\Project8.vcxproj", "{8D0AD3DE-4D72-49BF-B0EB-93E0161712C0}"
EndProject
Project("{8BC9CEB8-8B4A-11D0-8D11-00A0C91BC942}") = "Project9", "Project9\Project9.vcxproj", "{634766E5-65AA-42B1-96AF-AFA956E6B21B}"
EndProject
Project("{8BC9CEB8-8B4A-11D0-8D11-00A0C91BC942}") = "Project10", "Project10\Project10.vcxproj", "{9C4079F3-4B92-431A-9121-6115E75C111A}"
EndProject
Project("{8BC9CEB8-8B4A-11D0-8D11-00A0C91BC942}") = "Project11", "Project11\Project11.vcxproj", "{E57F4D02-4AB4-4302-84E4-58253F3E679B}"
EndProject
Project("{8BC9CEB8-8B4A-11D0-8D11-00A0C91BC942}") = "Project12", "Project12\Project12.vcxproj", "{598F441C-3E0F-4282-9D96-508A34C3F903}"
EndProject
Project("{8BC9CEB8-8B4A-11D0-8D11-00A0C91BC942}") = "ObjTest", "ObjTest\ObjTest.vcxproj", "{861093B7-AFD8-4A97-968F-61856DCD59D6}"
EndProject
Project("{8BC9CEB8-8B4A-11D0-8D11-00A0C91BC942}") = "Project13", "Project13\Project13.vcxproj", "{3B3B9BCE-23EB-4620-A784-20A3AFD2E3D1}"
EndProject
Project("{8BC9CEB8-8B4A-11D0-8D11-00A0C91BC942}") = "Project14", "Project14\Project14.vcxproj", "{4E07FB8B-59EB-4D1D-ACFA-2B9A80E4E395}"
EndProject
Project("{8BC9CEB8-8B4A-11D0-8D11-00A0C91BC942}") = "Project15", "Project15\Project15.vcxproj", "{02B00310-796B-460F-B80D-721FA7147A62}"
EndProject
Project("{8BC9CEB8-8B4A-11D0-8D11-00A0C91BC942}") = "Project16", "Project16\Project16.vcxproj", "{3888DEE8-ECC7-49AC-919A-84757D323D4E}"
EndProject
Project("{8BC9CEB8-8B4A-11D0-8D11-00A0C91BC942}") = "Project17", "Project17\Project17.vcxproj", "{220D32D0-E0F3-48BC-BC51-6652AF70F331}"
EndProject
Global
	GlobalSection(SolutionConfigurationPlatforms) = preSolution
		Debug|x64 = Debug|x64
		Debug|x86 = Debug|x86
		Release|x64 = Release|x64
		Release|x86 = Release|x86
	EndGlobalSection
	GlobalSection(ProjectConfigurationPlatforms) = postSolution
		{3FF68AB2-5178-45E8-ACAD-7BF88DF563E1}.Debug|x64.ActiveCfg = Debug|x64
		{3FF68AB2-5178-45E8-ACAD-7BF88DF563E1}.Debug|x64.Build.0 = Debug|x64
		{3FF68AB2-5178-45E8-ACAD-7BF88DF563E1}.Debug|x86.ActiveCfg = Debug|Win32
		{3FF68AB2-5178-45E8-ACAD-7BF88DF563E1}.Debug|x86.Build.0 = Debug|Win32
		{3FF68AB2-5178-45E8-ACAD-7BF88DF563E1}.Release|x64.ActiveCfg = Release|x64
		{3FF68AB2-5178-45E8-ACAD-7BF88DF563E1}.Release|x64.Build.0 = Release|x64
		{3FF68AB2-5178-45E8-ACAD-7BF88DF563E1}.Release|x86.ActiveCfg = Release|Win32
		{3FF68AB2-5178-45E8-ACAD-7BF88DF563E1}.Release|x86.Build.0 = Release|Win32
		{F3185CD6-6598-47C6-A087-EA40AE4BF6B0}.Debug|x64.ActiveCfg = Debug|x64
		{F3185CD6-6598-47C6-A087-EA40AE4BF6B0}.Debug|x64.Build.0 = Debug|x64
		{F3185CD6-6598-47C6-A087-EA40AE4BF6B0}.Debug|x86.ActiveCfg = Debug|Win32
		{F3185CD6-6598-47C6-A087-EA40AE4BF6B0}.Debug|x86.Build.0 = Debug|Win32
		{F3185CD6-6598-47C6-A087-EA40AE4BF6B0}.Release|x64.ActiveCfg = Release|x64
		{F3185CD6-6598-47C6-A087-EA40AE4BF6B0}.Release|x64.Build.0 = Release|x64
		{F3185CD6-6598-47C6-A087-EA40AE4BF6B0}.Release|x86.ActiveCfg = Release|Win32
		{F3185CD6-6598-47C6-A087-EA40AE4BF6B0}.Release|x86.Build.0 = Release|Win32
		{8D0AD3DE-4D72-49BF-B0EB-93E0161712C0}.Debug|x64.ActiveCfg = Debug|x64
		{8D0AD3DE-4D72-49BF-B0EB-93E0161712C0}.Debug|x64.Build.0 = Debug|x64
		{8D0AD3DE-4D72-49BF-B0EB-93E0161712C0}.Debug|x86.ActiveCfg = Debug|Win32
		{8D0AD3DE-4D72-49BF-B0EB-93E0161712C0}.Debug|x86.Build.0 = Debug|Win32
		{8D0AD3DE-4D72-49BF-B0EB-93E0161712C0}.Release|x64.ActiveCfg = Release|x64
		{8D0AD3DE-4D72-49BF-B0EB-93E0161712C0}.Release|x64.Build.0 = Release|x64
		{8D0AD3DE-4D72-49BF-B0EB-93E0161712C0}.Release|x86.ActiveCfg = Release|Win32
		{8D0AD3DE-4D72-49BF-B0EB-93E0161712C0}.Release|x86.Build.0 = Release|Win32
		{634766E5-65AA-42B1-96AF-AFA956E6B21B}.Debug|x64.ActiveCfg = Debug|x64
		{634766E5-65AA-42B1-96AF-AFA956E6B21B}.Debug|x64.Build.0 = Debug|x64
		{634766E5-65AA-42B1-96AF-AFA956E6B21B}.Debug|x86.ActiveCfg = Debug|Win32
		{634766E5-65AA-42B1-96AF-AFA956E6B21B}.Debug|x86.Build.0 = Debug|Win32
		{634766E5-65AA-42B1-96AF-AFA956E6B21B}.Release|x64.ActiveCfg = Release|x64
		{634766E5-65AA-42B1-96AF-AFA956E6B21B}.Release|x64.Build.0 = Release|x64
		{634766E5-65AA-42B1-96AF-AFA956E6B21B}.Release|x86.ActiveCfg = Release|Win32
		{634766E5-65AA-42B1-96AF-AFA956E6B21B}.Release|x86.Build.0 = Release|Win32
		{9C4079F3-4B92-431A-9121-6115E75C111A}.Debug|x64.ActiveCfg = Debug|x64
		{9C4079F3-4B92-431A-9121-6115E75C111A}.Debug|x64.Build.0 = Debug|x64
		{9C4079F3-4B92-431A-9121-6115E75C111A}.Debug|x86.ActiveCfg = Debug|Win32
		{9C4079F3-4B92-431A-9121-6115E75C111A}.Debug|x86.Build.0 = Debug|Win32
		{9C4079F3-4B92-431A-9121-6115E75C111A}.Release|x64.ActiveCfg = Release|x64
		{9C4079F3-4B92-431A-9121-6115E75C111A}.Release|x64.Build.0 = Release|x64
		{9C4079F3-4B92-431A-9121-6115E75C111A}.Release|x86.ActiveCfg = Release|Win32
		{9C4079F3-4B92-431A-9121-6115E75C111A}.Release|x86.Build.0 = Release|Win32
		{E57F4D02-4AB4-4302-84E4-58253F3E679B}.Debug|x64.ActiveCfg = Debug|x64
		{E57F4D02-4AB4-4302-84E4-58253F3E679B}.Debug|x64.Build.0 = Debug|x64
		{E57F4D02-4AB4-4302-84E4-58253F3E679B}.Debug|x86.ActiveCfg = Debug|Win32
		{E57F4D02-4AB4-4302-84E4-58253F3E679B}.Debug|x86.Build.0 = Debug|Win32
		{E57F4D02-4AB4-4302-84E4-58253F3E679B}.Release|x64.ActiveCfg = Release|x64
		{E57F4D02-4AB4-4302-84E4-58253F3E679B}.Release|x64.Build.0 = Release|x64
		{E57F4D02-4AB4-4302-84E4-58253F3E679B}.Release|x86.ActiveCfg = Release|Win32
		{E57F4D02-4AB4-4302-84E4-58253F3E679B}.Release|x86.Build.0 = Release|Win32
		{598F441C-3E0F-4282-9D96-508A34C3F903}.Debug|x64.ActiveCfg = Debug|x64
		{598F441C-3E0F-4282-9D96-508A34C3F903}.Debug|x64.Build.0 = Debug|x64
		{598F441C-3E0F-4282-9D96-508A34C3F903}.Debug|x86.ActiveCfg = Debug|Win32
		{598F441C-3E0F-4282-9D96-508A34C3F903}.Debug|x86.Build.0 = Debug|Win32
		{598F441C-3E0F-4282-9D96-508A34C3F903}.Release|x64.ActiveCfg = Release|x64
		{598F441C-3E0F-4282-9D96-508A34C3F903}.Release|x64.Build.0 = Release|x64
		{598F441C-3E0F-4282-9D96-508A34C3F903}.Release|x86.ActiveCfg = Release|Win32
		{598F441C-3E0F-4282-9D96-508A34C3F903}.Release|x86.Build.0 = Release|Win32
		{861093B7-AFD8-4A97-968F-61856DCD59D6}.Debug|x64.ActiveCfg = Debug|x64
		{861093B7-AFD8-4A97-968F-61856DCD59D6}.Debug|x64.Build.0 = Debug|x64
		{861093B7-AFD8-4A97-968F-61856DCD59D6}.Debug|x86.ActiveCfg = Debug|Win32
		{861093B7-AFD8-4A97-968F-61856DCD59D6}.Debug|x86.Build.0 = Debug|Win32
		{861093B7-AFD8-4A97-968F-61856DCD59D6}.Release|x64.ActiveCfg = Release|x64
		{861093B7-AFD8-4A97-968F-61856DCD59D6}.Release|x64.Build.0 = Release|x64
		{861093B7-AFD8-4A97-968F-61856DCD59D6}.Release|x86.ActiveCfg = Release|Win32
		{861093B7-AFD8-4A97-968F-61856DCD59D6}.Release|x86.Build.0 = Release|Win32
		{3B3B9BCE-23EB-4620-A784-20A3AFD2E3D1}.Debug|x64.ActiveCfg = Debug|x64
		{3B3B9BCE-23EB-4620-A784-20A3AFD2E3D1}.Debug|x64.Build.0 = Debug|x64
		{3B3B9BCE-23EB-4620-A784-20A3AFD2E3D1}.Debug|x86.ActiveCfg = Debug|Win32
		{3B3B9BCE-23EB-4620-A784-20A3AFD2E3D1}.Debug|x86.Build.0 = Debug|Win32
		{3B3B9BCE-23EB-4620-A784-20A3AFD2E3D1}.Release|x64.ActiveCfg = Release|x64
		{3B3B9BCE-23EB-4620-A784-20A3AFD2E3D1}.Release|x64.Build.0 = Release|x64
		{3B3B9BCE-23EB-4620-A784-20A3AFD2E3D1}.Release|x86.ActiveCfg = Release|Win32
		{3B3B9BCE-23EB-4620-A784-20A3AFD2E3D1}.Release|x86.Build.0 = Release|Win32
		{4E07FB8B-59EB-4D1D-ACFA-2B9A80E4E395}.Debug|x64.ActiveCfg = Debug|x64
		{4E07FB8B-59EB-4D1D-ACFA-2B9A80E4E395}.Debug|x64.Build.0 = Debug|x64
		{4E07FB8B-59EB-4D1D-ACFA-2B9A80E4E395}.Debug|x86.ActiveCfg = Debug|Win32
		{4E07FB8B-59EB-4D1D-ACFA-2B9A80E4E395}.Debug|x86.Build.0 = Debug|Win32
		{4E07FB8B-59EB-4D1D-ACFA-2B9A80E4E395}.Release|x64.ActiveCfg = Release|x64
		{4E07FB8B-59EB-4D1D-ACFA-2B9A80E4E395}.Release|x64.Build.0 = Release|x64
		{4E07FB8B-59EB-4D1D-ACFA-2B9A80E4E395}.Release|x86.ActiveCfg = Release|Win32
		{4E07FB8B-59EB-4D1D-ACFA-2B9A80E4E395}.Release|x86.Build.0 = Release|Win32
		{02B00310-796B-460F-B80D-721FA7147A62}.Debug|x64.ActiveCfg = Debug|x64
		{02B00310-796B-460F-B80D-721FA7147A62}.Debug|x64.Build.0 = Debug|x64
		{02B00310-796B-460F-B80D-721FA7147A62}.Debug|x86.ActiveCfg = Debug|Win32
		{02B00310-796B-460F-B80D-721FA7147A62}.Debug|x86.Build.0 = Debug|Win32
		{02B00310-796B-460F-B80D-721FA7147A62}.Release|x64.ActiveCfg = Release|x64
		{02B00310-796B-460F-B80D-721FA7147A62}.Release|x64.Build.0 = Release|x64
		{02B00310-796B-460F-B80D-721FA7147A62}.Release|x86.ActiveCfg = Release|Win32
		{02B00310-796B-460F-B80D-721FA7147A62}.Release|x86.Build.0 = Release|Win32
		{3888DEE8-ECC7-49AC-919A-84757D323D4E}.Debug|x64.ActiveCfg = Debug|x64
		{3888DEE8-ECC7-49AC-919A-84757D323D4E}.Debug|x64.Build.0 = Debug|x64
		{3888DEE8-ECC7-49AC-919A-84757D323D4E}.Debug|x86.ActiveCfg = Debug|Win32
		{3888DEE8-ECC7-49AC-919A-84757D323D4E}.Debug|x86.Build.0 = Debug|Win32
		{3888DEE8-ECC7-49AC-919A-84757D323D4E}.Release|x64.ActiveCfg = Release|x64
		{3888DEE8-ECC7-49AC-919A-84757D323D4E}.Release|x64.Build.0 = Release|x64
		{3888DEE8-ECC7-49AC-919A-84757D323D4E}.Release|x86.ActiveCfg = Release|Win32
		{3888DEE8-ECC7-49AC-919A-84757D323D4E}.Release|x86.Build.0 = Release|Win32
		{220D32D0-E0F3-48BC-BC51-6652AF70F331}.Debug|x64.ActiveCfg = Debug|x64
		{220D32D0-E0F3-48BC-BC51-6652AF70F331}.Debug|x64.Build.0 = Debug|x64
		{220D32D0-E0F3-48BC-BC51-6652AF70F331}.Debug|x86.ActiveCfg = Debug|Win32
		{220D32D0-E0F3-48BC-BC51-6652AF70F331}.Debug|x86.Build.0 = Debug|Win32
		{220D32D0-E0F3-48BC-BC51-6652AF70F331}.Release|x64.ActiveCfg = Release|x64
		{220D32D0-E0F3-48BC-BC51-6652AF70F331}.Release|x64.Build.0 = Release|x64
		{220D32D0-E0F3-48BC-BC51-6652AF70F331}.Release|x86.ActiveCfg = Release|Win32
		{220D32D0-E0F3-48BC-BC51-6652AF70F331}.Release|x86.Build.0 = Release|Win32
	EndGlobalSection
	GlobalSection(SolutionProperties) = preSolution
		HideSolutionNode = FALSE
	EndGlobalSection
	GlobalSection(ExtensibilityGlobals) = postSolution
		SolutionGuid = {6972F16D-08B1-4666-AE9B-B20D9492A072}
	EndGlobalSection
EndGlobal
